{
  "name": "med_app",
  "lockfileVersion": 3,
  "requires": true,
  "packages": {
    "": {
      "dependencies": {
        "react-image-crop": "^11.0.10"
      }
    },
    "node_modules/react": {
      "version": "19.2.4",
      "resolved": "https://registry.npmjs.org/react/-/react-19.2.4.tgz",
      "integrity": "sha512-9nfp2hYpCwOjAN+8TZFGhtWEwgvWHXqESH8qT89AT/lWklpLON22Lc8pEtnpsZz7VmawabSU0gCjnj8aC0euHQ==",
      "license": "MIT",
      "peer": true,
      "engines": {
        "node": ">=0.10.0"
      }
    },
    "node_modules/react-image-crop": {
      "version": "11.0.10",
      "resolved": "https://registry.npmjs.org/react-image-crop/-/react-image-crop-11.0.10.tgz",
      "integrity": "sha512-+5FfDXUgYLLqBh1Y/uQhIycpHCbXkI50a+nbfkB1C0xXXUTwkisHDo2QCB1SQJyHCqIuia4FeyReqXuMDKWQTQ==",
      "license": "ISC",
      "peerDependencies": {
        "react": ">=16.13.1"
      }
    }
  }
}
